{
  "version": 4,
  "terraform_version": "0.12.20",
  "serial": 32,
  "lineage": "5abbbecc-df4f-dfe2-0dc3-805165d5caa2",
  "outputs": {},
  "resources": [
    {
      "module": "module.my-cluster",
      "mode": "data",
      "type": "aws_ami",
      "name": "eks_worker",
      "provider": "provider.aws",
      "instances": [
        {
          "schema_version": 0,
          "attributes": {
            "architecture": "x86_64",
            "block_device_mappings": [
              {
                "device_name": "/dev/xvda",
                "ebs": {
                  "delete_on_termination": "true",
                  "encrypted": "false",
                  "iops": "0",
                  "snapshot_id": "snap-07927c47c37685f1d",
                  "volume_size": "20",
                  "volume_type": "gp2"
                },
                "no_device": "",
                "virtual_name": ""
              }
            ],
            "creation_date": "2019-12-13T08:27:25.000Z",
            "description": "EKS Kubernetes Worker AMI with AmazonLinux2 image, (k8s: 1.14.8, docker:18.09.9ce-2.amzn2)",
            "executable_users": null,
            "filter": [
              {
                "name": "name",
                "values": [
                  "amazon-eks-node-1.14-v*"
                ]
              }
            ],
            "hypervisor": "xen",
            "id": "ami-087a82f6b78a07557",
            "image_id": "ami-087a82f6b78a07557",
            "image_location": "amazon/amazon-eks-node-1.14-v20191213",
            "image_owner_alias": "amazon",
            "image_type": "machine",
            "kernel_id": null,
            "most_recent": true,
            "name": "amazon-eks-node-1.14-v20191213",
            "name_regex": null,
            "owner_id": "602401143452",
            "owners": [
              "602401143452"
            ],
            "platform": null,
            "product_codes": [],
            "public": true,
            "ramdisk_id": null,
            "root_device_name": "/dev/xvda",
            "root_device_type": "ebs",
            "root_snapshot_id": "snap-07927c47c37685f1d",
            "sriov_net_support": "simple",
            "state": "available",
            "state_reason": {
              "code": "UNSET",
              "message": "UNSET"
            },
            "tags": {},
            "virtualization_type": "hvm"
          }
        }
      ]
    },
    {
      "module": "module.my-cluster",
      "mode": "data",
      "type": "aws_ami",
      "name": "eks_worker_windows",
      "provider": "provider.aws",
      "instances": [
        {
          "schema_version": 0,
          "attributes": {
            "architecture": "x86_64",
            "block_device_mappings": [
              {
                "device_name": "/dev/sda1",
                "ebs": {
                  "delete_on_termination": "true",
                  "encrypted": "false",
                  "iops": "0",
                  "snapshot_id": "snap-0f6b9e033ba4a1337",
                  "volume_size": "50",
                  "volume_type": "gp2"
                },
                "no_device": "",
                "virtual_name": ""
              },
              {
                "device_name": "xvdca",
                "ebs": {},
                "no_device": "",
                "virtual_name": "ephemeral0"
              },
              {
                "device_name": "xvdcb",
                "ebs": {},
                "no_device": "",
                "virtual_name": "ephemeral1"
              },
              {
                "device_name": "xvdcc",
                "ebs": {},
                "no_device": "",
                "virtual_name": "ephemeral2"
              },
              {
                "device_name": "xvdcd",
                "ebs": {},
                "no_device": "",
                "virtual_name": "ephemeral3"
              },
              {
                "device_name": "xvdce",
                "ebs": {},
                "no_device": "",
                "virtual_name": "ephemeral4"
              },
              {
                "device_name": "xvdcf",
                "ebs": {},
                "no_device": "",
                "virtual_name": "ephemeral5"
              },
              {
                "device_name": "xvdcg",
                "ebs": {},
                "no_device": "",
                "virtual_name": "ephemeral6"
              },
              {
                "device_name": "xvdch",
                "ebs": {},
                "no_device": "",
                "virtual_name": "ephemeral7"
              },
              {
                "device_name": "xvdci",
                "ebs": {},
                "no_device": "",
                "virtual_name": "ephemeral8"
              },
              {
                "device_name": "xvdcj",
                "ebs": {},
                "no_device": "",
                "virtual_name": "ephemeral9"
              },
              {
                "device_name": "xvdck",
                "ebs": {},
                "no_device": "",
                "virtual_name": "ephemeral10"
              },
              {
                "device_name": "xvdcl",
                "ebs": {},
                "no_device": "",
                "virtual_name": "ephemeral11"
              },
              {
                "device_name": "xvdcm",
                "ebs": {},
                "no_device": "",
                "virtual_name": "ephemeral12"
              },
              {
                "device_name": "xvdcn",
                "ebs": {},
                "no_device": "",
                "virtual_name": "ephemeral13"
              },
              {
                "device_name": "xvdco",
                "ebs": {},
                "no_device": "",
                "virtual_name": "ephemeral14"
              },
              {
                "device_name": "xvdcp",
                "ebs": {},
                "no_device": "",
                "virtual_name": "ephemeral15"
              },
              {
                "device_name": "xvdcq",
                "ebs": {},
                "no_device": "",
                "virtual_name": "ephemeral16"
              },
              {
                "device_name": "xvdcr",
                "ebs": {},
                "no_device": "",
                "virtual_name": "ephemeral17"
              },
              {
                "device_name": "xvdcs",
                "ebs": {},
                "no_device": "",
                "virtual_name": "ephemeral18"
              },
              {
                "device_name": "xvdct",
                "ebs": {},
                "no_device": "",
                "virtual_name": "ephemeral19"
              },
              {
                "device_name": "xvdcu",
                "ebs": {},
                "no_device": "",
                "virtual_name": "ephemeral20"
              },
              {
                "device_name": "xvdcv",
                "ebs": {},
                "no_device": "",
                "virtual_name": "ephemeral21"
              },
              {
                "device_name": "xvdcw",
                "ebs": {},
                "no_device": "",
                "virtual_name": "ephemeral22"
              },
              {
                "device_name": "xvdcx",
                "ebs": {},
                "no_device": "",
                "virtual_name": "ephemeral23"
              },
              {
                "device_name": "xvdcy",
                "ebs": {},
                "no_device": "",
                "virtual_name": "ephemeral24"
              },
              {
                "device_name": "xvdcz",
                "ebs": {},
                "no_device": "",
                "virtual_name": "ephemeral25"
              }
            ],
            "creation_date": "2020-01-15T07:43:41.000Z",
            "description": "Microsoft Windows Server 2019 Core optimized for EKS and provided by Amazon",
            "executable_users": null,
            "filter": [
              {
                "name": "name",
                "values": [
                  "Windows_Server-2019-English-Core-EKS_Optimized-1.14-*"
                ]
              },
              {
                "name": "platform",
                "values": [
                  "windows"
                ]
              }
            ],
            "hypervisor": "xen",
            "id": "ami-01c009f7eebfe59d5",
            "image_id": "ami-01c009f7eebfe59d5",
            "image_location": "amazon/Windows_Server-2019-English-Core-EKS_Optimized-1.14-2020.01.15",
            "image_owner_alias": "amazon",
            "image_type": "machine",
            "kernel_id": null,
            "most_recent": true,
            "name": "Windows_Server-2019-English-Core-EKS_Optimized-1.14-2020.01.15",
            "name_regex": null,
            "owner_id": "801119661308",
            "owners": [
              "801119661308"
            ],
            "platform": "windows",
            "product_codes": [],
            "public": true,
            "ramdisk_id": null,
            "root_device_name": "/dev/sda1",
            "root_device_type": "ebs",
            "root_snapshot_id": "snap-0f6b9e033ba4a1337",
            "sriov_net_support": "simple",
            "state": "available",
            "state_reason": {
              "code": "UNSET",
              "message": "UNSET"
            },
            "tags": {},
            "virtualization_type": "hvm"
          }
        }
      ]
    },
    {
      "module": "module.my-cluster",
      "mode": "data",
      "type": "aws_caller_identity",
      "name": "current",
      "provider": "provider.aws",
      "instances": [
        {
          "schema_version": 0,
          "attributes": {
            "account_id": "188525776863",
            "arn": "arn:aws:iam::188525776863:user/dburbano",
            "id": "2020-01-26 06:35:15.653806 +0000 UTC",
            "user_id": "AIDAIBQT7J6ZHDLLKR2PA"
          }
        }
      ]
    },
    {
      "mode": "data",
      "type": "aws_eks_cluster",
      "name": "cluster",
      "provider": "provider.aws",
      "instances": [
        {
          "schema_version": 0,
          "attributes": {
            "arn": "arn:aws:eks:us-east-1:188525776863:cluster/eks-dev",
            "certificate_authority": [
              {
                "data": "LS0tLS1CRUdJTiBDRVJUSUZJQ0FURS0tLS0tCk1JSUN5RENDQWJDZ0F3SUJBZ0lCQURBTkJna3Foa2lHOXcwQkFRc0ZBREFWTVJNd0VRWURWUVFERXdwcmRXSmwKY201bGRHVnpNQjRYRFRJd01ERXlOakEyTkRnME1sb1hEVE13TURFeU16QTJORGcwTWxvd0ZURVRNQkVHQTFVRQpBeE1LYTNWaVpYSnVaWFJsY3pDQ0FTSXdEUVlKS29aSWh2Y05BUUVCQlFBRGdnRVBBRENDQVFvQ2dnRUJBTEp6CjAzZnhEd3IrOVk4eTlJbUpaTk1jMjQ0YWNrUERrQ0hJU2tLZ3ZIYUxpejV5MHhEMG9TVHNOelVmOTV3YVBqY1QKSnRwbldOL28wWEFDQVZLWlFaWWFoSjJ5eWRDT1lJTEFDdG0xYUd4RXdiSWp1QTdWNTJHdUhNQUMrNnl3ejdPSgoyMkMzeVFFZmRMV1RBTmtiL0J4L2h6T3FIRXlhSUxTNWNLblo2MVUyOUZQS3NJUmNaZ1hmZ0g0MjJtbkhvc3paCnJydVJtMDhXa1R5VCtFVnBmZnZ6UHY5WU9qMmQyaFY2UjNZZEN0N2Evbk5hdVB6ZnU1c2FIeHh3Q1JyanRpV1oKK2M0UkpYZzVtZTNOWnl3V2htVUVaa2svdVZqekNhcHNPQXpQdjh6MXExdnlOWDVrNDNTZ0J5dDFEVFVnd005YgowNHhYTDRBSWs3aUo2c0JLcm84Q0F3RUFBYU1qTUNFd0RnWURWUjBQQVFIL0JBUURBZ0trTUE4R0ExVWRFd0VCCi93UUZNQU1CQWY4d0RRWUpLb1pJaHZjTkFRRUxCUUFEZ2dFQkFEYnBKVU1YN2gxZE1vM3ZpSEpWYTJFYVRnRHkKTmdNWHcyUlJrZTh6Zkk3dDRiR0tkTUNKZ2hGbnRRZ2dZQkwwb1FwVEdYQ0I0VThkYUxVNzdzdXYraHh4ZFQrawpxTzFpN0xkYmxnTWgwdzBuVXJZNW5JdUZFbnlTdkYyelpXZHJSVlFFZzhFN1puRUl2eEhXSDlaSVUvUURVcXZqCmRsMmZZS1FRcnc4cW8rcGZBUHp1SVJKVTd4UFBPY3ZXSGxobHlpWUxhUjNQeGlmYkNGbmkreHlnUlUwOXdCWFQKZTk5bHpMNWJBUzBXTjI4K1cwM290MDhrZ01HL21CTm5CZ2hiRVJ4bTl0bytkL1NMYXh3MVBKcmtRT2V4ZDdMagprSjl5V2hZM0JJazdGSWxXTzhoODJxMlQxYjdFbFlTdUtmaFhiNWJKZlVzeFVkQmR4b0ZDanc3dms0QT0KLS0tLS1FTkQgQ0VSVElGSUNBVEUtLS0tLQo="
              }
            ],
            "created_at": "2020-01-26 06:41:43 +0000 UTC",
            "enabled_cluster_log_types": [],
            "endpoint": "https://D84A3042B47CEE89644EBBEBD976B98F.sk1.us-east-1.eks.amazonaws.com",
            "id": "eks-dev",
            "identity": [
              {
                "oidc": [
                  {
                    "issuer": "https://oidc.eks.us-east-1.amazonaws.com/id/D84A3042B47CEE89644EBBEBD976B98F"
                  }
                ]
              }
            ],
            "name": "eks-dev",
            "platform_version": "eks.7",
            "role_arn": "arn:aws:iam::188525776863:role/eks-dev20200126064017174300000001",
            "status": "ACTIVE",
            "tags": {},
            "version": "1.14",
            "vpc_config": [
              {
                "cluster_security_group_id": "sg-066b9996d64ab7e19",
                "endpoint_private_access": false,
                "endpoint_public_access": true,
                "public_access_cidrs": [
                  "0.0.0.0/0"
                ],
                "security_group_ids": [
                  "sg-069aa2aa4a481deac"
                ],
                "subnet_ids": [
                  "subnet-032f530b700ba3a7d",
                  "subnet-040a5a687412aa3f8",
                  "subnet-0c27636ae347e01e7"
                ],
                "vpc_id": "vpc-014be38c2058c2123"
              }
            ]
          }
        }
      ]
    },
    {
      "mode": "data",
      "type": "aws_eks_cluster_auth",
      "name": "cluster",
      "provider": "provider.aws",
      "instances": [
        {
          "schema_version": 0,
          "attributes": {
            "id": "2020-01-26 06:51:32.936543 +0000 UTC",
            "name": "eks-dev",
            "token": "k8s-aws-v1.aHR0cHM6Ly9zdHMuYW1hem9uYXdzLmNvbS8_QWN0aW9uPUdldENhbGxlcklkZW50aXR5JlZlcnNpb249MjAxMS0wNi0xNSZYLUFtei1BbGdvcml0aG09QVdTNC1ITUFDLVNIQTI1NiZYLUFtei1DcmVkZW50aWFsPUFLSUFTWFpJREI3UFdWMjZDM0g0JTJGMjAyMDAxMjYlMkZ1cy1lYXN0LTElMkZzdHMlMkZhd3M0X3JlcXVlc3QmWC1BbXotRGF0ZT0yMDIwMDEyNlQwNjUxMzJaJlgtQW16LUV4cGlyZXM9MCZYLUFtei1TaWduZWRIZWFkZXJzPWhvc3QlM0J4LWs4cy1hd3MtaWQmWC1BbXotU2lnbmF0dXJlPTM0MTk1NmRlMzU1MTBhZWNjYjdlZDVhZjQwYWRjZjNlNTYwMDEwMWE4NGJlZTIwYjE5YWQxNGExY2M4ODg4Y2Y"
          }
        }
      ]
    },
    {
      "module": "module.my-cluster",
      "mode": "data",
      "type": "aws_iam_instance_profile",
      "name": "custom_worker_group_iam_instance_profile",
      "each": "list",
      "provider": "provider.aws",
      "instances": []
    },
    {
      "module": "module.my-cluster",
      "mode": "data",
      "type": "aws_iam_instance_profile",
      "name": "custom_worker_group_launch_template_iam_instance_profile",
      "each": "list",
      "provider": "provider.aws",
      "instances": []
    },
    {
      "module": "module.my-cluster",
      "mode": "data",
      "type": "aws_iam_policy_document",
      "name": "cluster_assume_role_policy",
      "provider": "provider.aws",
      "instances": [
        {
          "schema_version": 0,
          "attributes": {
            "id": "2764486067",
            "json": "{\n  \"Version\": \"2012-10-17\",\n  \"Statement\": [\n    {\n      \"Sid\": \"EKSClusterAssumeRole\",\n      \"Effect\": \"Allow\",\n      \"Action\": \"sts:AssumeRole\",\n      \"Principal\": {\n        \"Service\": \"eks.amazonaws.com\"\n      }\n    }\n  ]\n}",
            "override_json": null,
            "policy_id": null,
            "source_json": null,
            "statement": [
              {
                "actions": [
                  "sts:AssumeRole"
                ],
                "condition": [],
                "effect": "Allow",
                "not_actions": [],
                "not_principals": [],
                "not_resources": [],
                "principals": [
                  {
                    "identifiers": [
                      "eks.amazonaws.com"
                    ],
                    "type": "Service"
                  }
                ],
                "resources": [],
                "sid": "EKSClusterAssumeRole"
              }
            ],
            "version": "2012-10-17"
          }
        }
      ]
    },
    {
      "module": "module.my-cluster",
      "mode": "data",
      "type": "aws_iam_policy_document",
      "name": "worker_autoscaling",
      "each": "list",
      "provider": "provider.aws",
      "instances": [
        {
          "index_key": 0,
          "schema_version": 0,
          "attributes": {
            "id": "2094128754",
            "json": "{\n  \"Version\": \"2012-10-17\",\n  \"Statement\": [\n    {\n      \"Sid\": \"eksWorkerAutoscalingAll\",\n      \"Effect\": \"Allow\",\n      \"Action\": [\n        \"ec2:DescribeLaunchTemplateVersions\",\n        \"autoscaling:DescribeTags\",\n        \"autoscaling:DescribeLaunchConfigurations\",\n        \"autoscaling:DescribeAutoScalingInstances\",\n        \"autoscaling:DescribeAutoScalingGroups\"\n      ],\n      \"Resource\": \"*\"\n    },\n    {\n      \"Sid\": \"eksWorkerAutoscalingOwn\",\n      \"Effect\": \"Allow\",\n      \"Action\": [\n        \"autoscaling:UpdateAutoScalingGroup\",\n        \"autoscaling:TerminateInstanceInAutoScalingGroup\",\n        \"autoscaling:SetDesiredCapacity\"\n      ],\n      \"Resource\": \"*\",\n      \"Condition\": {\n        \"StringEquals\": {\n          \"autoscaling:ResourceTag/k8s.io/cluster-autoscaler/enabled\": \"true\",\n          \"autoscaling:ResourceTag/kubernetes.io/cluster/eks-dev\": \"owned\"\n        }\n      }\n    }\n  ]\n}",
            "override_json": null,
            "policy_id": null,
            "source_json": null,
            "statement": [
              {
                "actions": [
                  "autoscaling:DescribeAutoScalingGroups",
                  "autoscaling:DescribeAutoScalingInstances",
                  "autoscaling:DescribeLaunchConfigurations",
                  "autoscaling:DescribeTags",
                  "ec2:DescribeLaunchTemplateVersions"
                ],
                "condition": [],
                "effect": "Allow",
                "not_actions": [],
                "not_principals": [],
                "not_resources": [],
                "principals": [],
                "resources": [
                  "*"
                ],
                "sid": "eksWorkerAutoscalingAll"
              },
              {
                "actions": [
                  "autoscaling:SetDesiredCapacity",
                  "autoscaling:TerminateInstanceInAutoScalingGroup",
                  "autoscaling:UpdateAutoScalingGroup"
                ],
                "condition": [
                  {
                    "test": "StringEquals",
                    "values": [
                      "owned"
                    ],
                    "variable": "autoscaling:ResourceTag/kubernetes.io/cluster/eks-dev"
                  },
                  {
                    "test": "StringEquals",
                    "values": [
                      "true"
                    ],
                    "variable": "autoscaling:ResourceTag/k8s.io/cluster-autoscaler/enabled"
                  }
                ],
                "effect": "Allow",
                "not_actions": [],
                "not_principals": [],
                "not_resources": [],
                "principals": [],
                "resources": [
                  "*"
                ],
                "sid": "eksWorkerAutoscalingOwn"
              }
            ],
            "version": "2012-10-17"
          }
        }
      ]
    },
    {
      "module": "module.my-cluster",
      "mode": "data",
      "type": "aws_iam_policy_document",
      "name": "workers_assume_role_policy",
      "provider": "provider.aws",
      "instances": [
        {
          "schema_version": 0,
          "attributes": {
            "id": "3778018924",
            "json": "{\n  \"Version\": \"2012-10-17\",\n  \"Statement\": [\n    {\n      \"Sid\": \"EKSWorkerAssumeRole\",\n      \"Effect\": \"Allow\",\n      \"Action\": \"sts:AssumeRole\",\n      \"Principal\": {\n        \"Service\": \"ec2.amazonaws.com\"\n      }\n    }\n  ]\n}",
            "override_json": null,
            "policy_id": null,
            "source_json": null,
            "statement": [
              {
                "actions": [
                  "sts:AssumeRole"
                ],
                "condition": [],
                "effect": "Allow",
                "not_actions": [],
                "not_principals": [],
                "not_resources": [],
                "principals": [
                  {
                    "identifiers": [
                      "ec2.amazonaws.com"
                    ],
                    "type": "Service"
                  }
                ],
                "resources": [],
                "sid": "EKSWorkerAssumeRole"
              }
            ],
            "version": "2012-10-17"
          }
        }
      ]
    },
    {
      "module": "module.my-cluster",
      "mode": "data",
      "type": "aws_iam_role",
      "name": "custom_cluster_iam_role",
      "each": "list",
      "provider": "provider.aws",
      "instances": []
    },
    {
      "module": "module.my-cluster",
      "mode": "data",
      "type": "null_data_source",
      "name": "node_groups",
      "each": "list",
      "provider": "provider.null",
      "instances": [
        {
          "index_key": 0,
          "schema_version": 0,
          "attributes": {
            "has_computed_default": "default",
            "id": "static",
            "inputs": {
              "aws_auth": "kube-system/aws-auth",
              "cluster_name": "eks-dev",
              "role_CNI_Policy": "eks-dev20200126065132962500000005-2020012606513442400000000b",
              "role_Container": "eks-dev20200126065132962500000005-20200126065134403000000009",
              "role_NodePolicy": "eks-dev20200126065132962500000005-2020012606513440610000000a",
              "role_autoscaling": "eks-dev20200126065132962500000005-2020012606513494760000000c"
            },
            "outputs": {
              "aws_auth": "kube-system/aws-auth",
              "cluster_name": "eks-dev",
              "role_CNI_Policy": "eks-dev20200126065132962500000005-2020012606513442400000000b",
              "role_Container": "eks-dev20200126065132962500000005-20200126065134403000000009",
              "role_NodePolicy": "eks-dev20200126065132962500000005-2020012606513440610000000a",
              "role_autoscaling": "eks-dev20200126065132962500000005-2020012606513494760000000c"
            },
            "random": "7536326779052214770"
          }
        }
      ]
    },
    {
      "module": "module.my-cluster",
      "mode": "data",
      "type": "template_file",
      "name": "aws_authenticator_env_variables",
      "each": "list",
      "provider": "provider.template",
      "instances": []
    },
    {
      "module": "module.my-cluster",
      "mode": "data",
      "type": "template_file",
      "name": "kubeconfig",
      "each": "list",
      "provider": "provider.template",
      "instances": [
        {
          "index_key": 0,
          "schema_version": 0,
          "attributes": {
            "filename": null,
            "id": "ca57a0d6f05afae8b3dfde4ca5738c2a802abaf2ec2a4dbfdd095e5b72def861",
            "rendered": "apiVersion: v1\npreferences: {}\nkind: Config\n\nclusters:\n- cluster:\n    server: https://D84A3042B47CEE89644EBBEBD976B98F.sk1.us-east-1.eks.amazonaws.com\n    certificate-authority-data: LS0tLS1CRUdJTiBDRVJUSUZJQ0FURS0tLS0tCk1JSUN5RENDQWJDZ0F3SUJBZ0lCQURBTkJna3Foa2lHOXcwQkFRc0ZBREFWTVJNd0VRWURWUVFERXdwcmRXSmwKY201bGRHVnpNQjRYRFRJd01ERXlOakEyTkRnME1sb1hEVE13TURFeU16QTJORGcwTWxvd0ZURVRNQkVHQTFVRQpBeE1LYTNWaVpYSnVaWFJsY3pDQ0FTSXdEUVlKS29aSWh2Y05BUUVCQlFBRGdnRVBBRENDQVFvQ2dnRUJBTEp6CjAzZnhEd3IrOVk4eTlJbUpaTk1jMjQ0YWNrUERrQ0hJU2tLZ3ZIYUxpejV5MHhEMG9TVHNOelVmOTV3YVBqY1QKSnRwbldOL28wWEFDQVZLWlFaWWFoSjJ5eWRDT1lJTEFDdG0xYUd4RXdiSWp1QTdWNTJHdUhNQUMrNnl3ejdPSgoyMkMzeVFFZmRMV1RBTmtiL0J4L2h6T3FIRXlhSUxTNWNLblo2MVUyOUZQS3NJUmNaZ1hmZ0g0MjJtbkhvc3paCnJydVJtMDhXa1R5VCtFVnBmZnZ6UHY5WU9qMmQyaFY2UjNZZEN0N2Evbk5hdVB6ZnU1c2FIeHh3Q1JyanRpV1oKK2M0UkpYZzVtZTNOWnl3V2htVUVaa2svdVZqekNhcHNPQXpQdjh6MXExdnlOWDVrNDNTZ0J5dDFEVFVnd005YgowNHhYTDRBSWs3aUo2c0JLcm84Q0F3RUFBYU1qTUNFd0RnWURWUjBQQVFIL0JBUURBZ0trTUE4R0ExVWRFd0VCCi93UUZNQU1CQWY4d0RRWUpLb1pJaHZjTkFRRUxCUUFEZ2dFQkFEYnBKVU1YN2gxZE1vM3ZpSEpWYTJFYVRnRHkKTmdNWHcyUlJrZTh6Zkk3dDRiR0tkTUNKZ2hGbnRRZ2dZQkwwb1FwVEdYQ0I0VThkYUxVNzdzdXYraHh4ZFQrawpxTzFpN0xkYmxnTWgwdzBuVXJZNW5JdUZFbnlTdkYyelpXZHJSVlFFZzhFN1puRUl2eEhXSDlaSVUvUURVcXZqCmRsMmZZS1FRcnc4cW8rcGZBUHp1SVJKVTd4UFBPY3ZXSGxobHlpWUxhUjNQeGlmYkNGbmkreHlnUlUwOXdCWFQKZTk5bHpMNWJBUzBXTjI4K1cwM290MDhrZ01HL21CTm5CZ2hiRVJ4bTl0bytkL1NMYXh3MVBKcmtRT2V4ZDdMagprSjl5V2hZM0JJazdGSWxXTzhoODJxMlQxYjdFbFlTdUtmaFhiNWJKZlVzeFVkQmR4b0ZDanc3dms0QT0KLS0tLS1FTkQgQ0VSVElGSUNBVEUtLS0tLQo=\n  name: eks_eks-dev\n\ncontexts:\n- context:\n    cluster: eks_eks-dev\n    user: eks_eks-dev\n  name: eks_eks-dev\n\ncurrent-context: eks_eks-dev\n\nusers:\n- name: eks_eks-dev\n  user:\n    exec:\n      apiVersion: client.authentication.k8s.io/v1alpha1\n      command: aws-iam-authenticator\n      args:\n        - \"token\"\n        - \"-i\"\n        - \"eks-dev\"\n\n\n",
            "template": "apiVersion: v1\npreferences: {}\nkind: Config\n\nclusters:\n- cluster:\n    server: ${endpoint}\n    certificate-authority-data: ${cluster_auth_base64}\n  name: ${kubeconfig_name}\n\ncontexts:\n- context:\n    cluster: ${kubeconfig_name}\n    user: ${kubeconfig_name}\n  name: ${kubeconfig_name}\n\ncurrent-context: ${kubeconfig_name}\n\nusers:\n- name: ${kubeconfig_name}\n  user:\n    exec:\n      apiVersion: client.authentication.k8s.io/v1alpha1\n      command: ${aws_authenticator_command}\n      args:\n${aws_authenticator_command_args}\n${aws_authenticator_additional_args}\n${aws_authenticator_env_variables}\n",
            "vars": {
              "aws_authenticator_additional_args": "",
              "aws_authenticator_command": "aws-iam-authenticator",
              "aws_authenticator_command_args": "        - \"token\"\n        - \"-i\"\n        - \"eks-dev\"",
              "aws_authenticator_env_variables": "",
              "cluster_auth_base64": "LS0tLS1CRUdJTiBDRVJUSUZJQ0FURS0tLS0tCk1JSUN5RENDQWJDZ0F3SUJBZ0lCQURBTkJna3Foa2lHOXcwQkFRc0ZBREFWTVJNd0VRWURWUVFERXdwcmRXSmwKY201bGRHVnpNQjRYRFRJd01ERXlOakEyTkRnME1sb1hEVE13TURFeU16QTJORGcwTWxvd0ZURVRNQkVHQTFVRQpBeE1LYTNWaVpYSnVaWFJsY3pDQ0FTSXdEUVlKS29aSWh2Y05BUUVCQlFBRGdnRVBBRENDQVFvQ2dnRUJBTEp6CjAzZnhEd3IrOVk4eTlJbUpaTk1jMjQ0YWNrUERrQ0hJU2tLZ3ZIYUxpejV5MHhEMG9TVHNOelVmOTV3YVBqY1QKSnRwbldOL28wWEFDQVZLWlFaWWFoSjJ5eWRDT1lJTEFDdG0xYUd4RXdiSWp1QTdWNTJHdUhNQUMrNnl3ejdPSgoyMkMzeVFFZmRMV1RBTmtiL0J4L2h6T3FIRXlhSUxTNWNLblo2MVUyOUZQS3NJUmNaZ1hmZ0g0MjJtbkhvc3paCnJydVJtMDhXa1R5VCtFVnBmZnZ6UHY5WU9qMmQyaFY2UjNZZEN0N2Evbk5hdVB6ZnU1c2FIeHh3Q1JyanRpV1oKK2M0UkpYZzVtZTNOWnl3V2htVUVaa2svdVZqekNhcHNPQXpQdjh6MXExdnlOWDVrNDNTZ0J5dDFEVFVnd005YgowNHhYTDRBSWs3aUo2c0JLcm84Q0F3RUFBYU1qTUNFd0RnWURWUjBQQVFIL0JBUURBZ0trTUE4R0ExVWRFd0VCCi93UUZNQU1CQWY4d0RRWUpLb1pJaHZjTkFRRUxCUUFEZ2dFQkFEYnBKVU1YN2gxZE1vM3ZpSEpWYTJFYVRnRHkKTmdNWHcyUlJrZTh6Zkk3dDRiR0tkTUNKZ2hGbnRRZ2dZQkwwb1FwVEdYQ0I0VThkYUxVNzdzdXYraHh4ZFQrawpxTzFpN0xkYmxnTWgwdzBuVXJZNW5JdUZFbnlTdkYyelpXZHJSVlFFZzhFN1puRUl2eEhXSDlaSVUvUURVcXZqCmRsMmZZS1FRcnc4cW8rcGZBUHp1SVJKVTd4UFBPY3ZXSGxobHlpWUxhUjNQeGlmYkNGbmkreHlnUlUwOXdCWFQKZTk5bHpMNWJBUzBXTjI4K1cwM290MDhrZ01HL21CTm5CZ2hiRVJ4bTl0bytkL1NMYXh3MVBKcmtRT2V4ZDdMagprSjl5V2hZM0JJazdGSWxXTzhoODJxMlQxYjdFbFlTdUtmaFhiNWJKZlVzeFVkQmR4b0ZDanc3dms0QT0KLS0tLS1FTkQgQ0VSVElGSUNBVEUtLS0tLQo=",
              "endpoint": "https://D84A3042B47CEE89644EBBEBD976B98F.sk1.us-east-1.eks.amazonaws.com",
              "kubeconfig_name": "eks_eks-dev"
            }
          }
        }
      ]
    },
    {
      "module": "module.my-cluster",
      "mode": "data",
      "type": "template_file",
      "name": "launch_template_userdata",
      "each": "list",
      "provider": "provider.template",
      "instances": []
    },
    {
      "module": "module.my-cluster",
      "mode": "data",
      "type": "template_file",
      "name": "launch_template_worker_role_arns",
      "each": "list",
      "provider": "provider.template",
      "instances": []
    },
    {
      "module": "module.my-cluster",
      "mode": "data",
      "type": "template_file",
      "name": "node_group_arns",
      "each": "list",
      "provider": "provider.template",
      "instances": []
    },
    {
      "module": "module.my-cluster",
      "mode": "data",
      "type": "template_file",
      "name": "userdata",
      "each": "list",
      "provider": "provider.template",
      "instances": [
        {
          "index_key": 0,
          "schema_version": 0,
          "attributes": {
            "filename": null,
            "id": "e5fd731ab726d8399ac588e6f7d7d9c58dff1e2270baf88ba188f5e61f68e7fe",
            "rendered": "#!/bin/bash -xe\n\n# Allow user supplied pre userdata code\n\n\n# Bootstrap and join the cluster\n/etc/eks/bootstrap.sh --b64-cluster-ca 'LS0tLS1CRUdJTiBDRVJUSUZJQ0FURS0tLS0tCk1JSUN5RENDQWJDZ0F3SUJBZ0lCQURBTkJna3Foa2lHOXcwQkFRc0ZBREFWTVJNd0VRWURWUVFERXdwcmRXSmwKY201bGRHVnpNQjRYRFRJd01ERXlOakEyTkRnME1sb1hEVE13TURFeU16QTJORGcwTWxvd0ZURVRNQkVHQTFVRQpBeE1LYTNWaVpYSnVaWFJsY3pDQ0FTSXdEUVlKS29aSWh2Y05BUUVCQlFBRGdnRVBBRENDQVFvQ2dnRUJBTEp6CjAzZnhEd3IrOVk4eTlJbUpaTk1jMjQ0YWNrUERrQ0hJU2tLZ3ZIYUxpejV5MHhEMG9TVHNOelVmOTV3YVBqY1QKSnRwbldOL28wWEFDQVZLWlFaWWFoSjJ5eWRDT1lJTEFDdG0xYUd4RXdiSWp1QTdWNTJHdUhNQUMrNnl3ejdPSgoyMkMzeVFFZmRMV1RBTmtiL0J4L2h6T3FIRXlhSUxTNWNLblo2MVUyOUZQS3NJUmNaZ1hmZ0g0MjJtbkhvc3paCnJydVJtMDhXa1R5VCtFVnBmZnZ6UHY5WU9qMmQyaFY2UjNZZEN0N2Evbk5hdVB6ZnU1c2FIeHh3Q1JyanRpV1oKK2M0UkpYZzVtZTNOWnl3V2htVUVaa2svdVZqekNhcHNPQXpQdjh6MXExdnlOWDVrNDNTZ0J5dDFEVFVnd005YgowNHhYTDRBSWs3aUo2c0JLcm84Q0F3RUFBYU1qTUNFd0RnWURWUjBQQVFIL0JBUURBZ0trTUE4R0ExVWRFd0VCCi93UUZNQU1CQWY4d0RRWUpLb1pJaHZjTkFRRUxCUUFEZ2dFQkFEYnBKVU1YN2gxZE1vM3ZpSEpWYTJFYVRnRHkKTmdNWHcyUlJrZTh6Zkk3dDRiR0tkTUNKZ2hGbnRRZ2dZQkwwb1FwVEdYQ0I0VThkYUxVNzdzdXYraHh4ZFQrawpxTzFpN0xkYmxnTWgwdzBuVXJZNW5JdUZFbnlTdkYyelpXZHJSVlFFZzhFN1puRUl2eEhXSDlaSVUvUURVcXZqCmRsMmZZS1FRcnc4cW8rcGZBUHp1SVJKVTd4UFBPY3ZXSGxobHlpWUxhUjNQeGlmYkNGbmkreHlnUlUwOXdCWFQKZTk5bHpMNWJBUzBXTjI4K1cwM290MDhrZ01HL21CTm5CZ2hiRVJ4bTl0bytkL1NMYXh3MVBKcmtRT2V4ZDdMagprSjl5V2hZM0JJazdGSWxXTzhoODJxMlQxYjdFbFlTdUtmaFhiNWJKZlVzeFVkQmR4b0ZDanc3dms0QT0KLS0tLS1FTkQgQ0VSVElGSUNBVEUtLS0tLQo=' --apiserver-endpoint 'https://D84A3042B47CEE89644EBBEBD976B98F.sk1.us-east-1.eks.amazonaws.com'  --kubelet-extra-args \"\" 'eks-dev'\n\n# Allow user supplied userdata code\n\n",
            "template": "#!/bin/bash -xe\n\n# Allow user supplied pre userdata code\n${pre_userdata}\n\n# Bootstrap and join the cluster\n/etc/eks/bootstrap.sh --b64-cluster-ca '${cluster_auth_base64}' --apiserver-endpoint '${endpoint}' ${bootstrap_extra_args} --kubelet-extra-args \"${kubelet_extra_args}\" '${cluster_name}'\n\n# Allow user supplied userdata code\n${additional_userdata}\n",
            "vars": {
              "additional_userdata": "",
              "bootstrap_extra_args": "",
              "cluster_auth_base64": "LS0tLS1CRUdJTiBDRVJUSUZJQ0FURS0tLS0tCk1JSUN5RENDQWJDZ0F3SUJBZ0lCQURBTkJna3Foa2lHOXcwQkFRc0ZBREFWTVJNd0VRWURWUVFERXdwcmRXSmwKY201bGRHVnpNQjRYRFRJd01ERXlOakEyTkRnME1sb1hEVE13TURFeU16QTJORGcwTWxvd0ZURVRNQkVHQTFVRQpBeE1LYTNWaVpYSnVaWFJsY3pDQ0FTSXdEUVlKS29aSWh2Y05BUUVCQlFBRGdnRVBBRENDQVFvQ2dnRUJBTEp6CjAzZnhEd3IrOVk4eTlJbUpaTk1jMjQ0YWNrUERrQ0hJU2tLZ3ZIYUxpejV5MHhEMG9TVHNOelVmOTV3YVBqY1QKSnRwbldOL28wWEFDQVZLWlFaWWFoSjJ5eWRDT1lJTEFDdG0xYUd4RXdiSWp1QTdWNTJHdUhNQUMrNnl3ejdPSgoyMkMzeVFFZmRMV1RBTmtiL0J4L2h6T3FIRXlhSUxTNWNLblo2MVUyOUZQS3NJUmNaZ1hmZ0g0MjJtbkhvc3paCnJydVJtMDhXa1R5VCtFVnBmZnZ6UHY5WU9qMmQyaFY2UjNZZEN0N2Evbk5hdVB6ZnU1c2FIeHh3Q1JyanRpV1oKK2M0UkpYZzVtZTNOWnl3V2htVUVaa2svdVZqekNhcHNPQXpQdjh6MXExdnlOWDVrNDNTZ0J5dDFEVFVnd005YgowNHhYTDRBSWs3aUo2c0JLcm84Q0F3RUFBYU1qTUNFd0RnWURWUjBQQVFIL0JBUURBZ0trTUE4R0ExVWRFd0VCCi93UUZNQU1CQWY4d0RRWUpLb1pJaHZjTkFRRUxCUUFEZ2dFQkFEYnBKVU1YN2gxZE1vM3ZpSEpWYTJFYVRnRHkKTmdNWHcyUlJrZTh6Zkk3dDRiR0tkTUNKZ2hGbnRRZ2dZQkwwb1FwVEdYQ0I0VThkYUxVNzdzdXYraHh4ZFQrawpxTzFpN0xkYmxnTWgwdzBuVXJZNW5JdUZFbnlTdkYyelpXZHJSVlFFZzhFN1puRUl2eEhXSDlaSVUvUURVcXZqCmRsMmZZS1FRcnc4cW8rcGZBUHp1SVJKVTd4UFBPY3ZXSGxobHlpWUxhUjNQeGlmYkNGbmkreHlnUlUwOXdCWFQKZTk5bHpMNWJBUzBXTjI4K1cwM290MDhrZ01HL21CTm5CZ2hiRVJ4bTl0bytkL1NMYXh3MVBKcmtRT2V4ZDdMagprSjl5V2hZM0JJazdGSWxXTzhoODJxMlQxYjdFbFlTdUtmaFhiNWJKZlVzeFVkQmR4b0ZDanc3dms0QT0KLS0tLS1FTkQgQ0VSVElGSUNBVEUtLS0tLQo=",
              "cluster_name": "eks-dev",
              "endpoint": "https://D84A3042B47CEE89644EBBEBD976B98F.sk1.us-east-1.eks.amazonaws.com",
              "kubelet_extra_args": "",
              "platform": "linux",
              "pre_userdata": ""
            }
          }
        }
      ]
    },
    {
      "module": "module.my-cluster",
      "mode": "data",
      "type": "template_file",
      "name": "worker_role_arns",
      "each": "list",
      "provider": "provider.template",
      "instances": [
        {
          "index_key": 0,
          "schema_version": 0,
          "attributes": {
            "filename": null,
            "id": "bb04b001c03cb7358b4d46991b383eaa440bb8c77f5b52dfe5628ce835bca864",
            "rendered": "- rolearn: arn:aws:iam::188525776863:role/eks-dev20200126065132962500000005\n  username: system:node:{{EC2PrivateDNSName}}\n  groups:\n    - system:bootstrappers\n    - system:nodes\n",
            "template": "- rolearn: ${worker_role_arn}\n  username: system:node:{{EC2PrivateDNSName}}\n  groups:\n    - system:bootstrappers\n    - system:nodes\n    %{~ if platform == \"windows\" ~}\n    - eks:kube-proxy-windows\n    %{~ endif ~}\n",
            "vars": {
              "platform": "linux",
              "worker_role_arn": "arn:aws:iam::188525776863:role/eks-dev20200126065132962500000005"
            }
          }
        }
      ]
    },
    {
      "module": "module.my-cluster",
      "mode": "managed",
      "type": "aws_autoscaling_group",
      "name": "workers",
      "each": "list",
      "provider": "provider.aws",
      "instances": [
        {
          "index_key": 0,
          "schema_version": 0,
          "attributes": {
            "arn": "arn:aws:autoscaling:us-east-1:188525776863:autoScalingGroup:18b296d7-1ed8-4427-b726-9338d932b23a:autoScalingGroupName/eks-dev-02020012606514364630000000e",
            "availability_zones": [
              "us-east-1a",
              "us-east-1c"
            ],
            "default_cooldown": 300,
            "desired_capacity": 1,
            "enabled_metrics": null,
            "force_delete": false,
            "health_check_grace_period": 300,
            "health_check_type": "EC2",
            "id": "eks-dev-02020012606514364630000000e",
            "initial_lifecycle_hook": [],
            "launch_configuration": "eks-dev-02020012606513782890000000d",
            "launch_template": [],
            "load_balancers": [],
            "max_instance_lifetime": 0,
            "max_size": 5,
            "metrics_granularity": "1Minute",
            "min_elb_capacity": null,
            "min_size": 1,
            "mixed_instances_policy": [],
            "name": "eks-dev-02020012606514364630000000e",
            "name_prefix": "eks-dev-0",
            "placement_group": "",
            "protect_from_scale_in": false,
            "service_linked_role_arn": "arn:aws:iam::188525776863:role/aws-service-role/autoscaling.amazonaws.com/AWSServiceRoleForAutoScaling",
            "suspended_processes": [
              "AZRebalance"
            ],
            "tag": [],
            "tags": [
              {
                "key": "Name",
                "propagate_at_launch": "true",
                "value": "eks-dev-0-eks_asg"
              },
              {
                "key": "kubernetes.io/cluster/eks-dev",
                "propagate_at_launch": "true",
                "value": "owned"
              },
              {
                "key": "k8s.io/cluster/eks-dev",
                "propagate_at_launch": "true",
                "value": "owned"
              },
              {
                "key": "k8s.io/cluster-autoscaler/disabled",
                "propagate_at_launch": "false",
                "value": "true"
              },
              {
                "key": "k8s.io/cluster-autoscaler/eks-dev",
                "propagate_at_launch": "false",
                "value": "eks-dev"
              },
              {
                "key": "k8s.io/cluster-autoscaler/node-template/resources/ephemeral-storage",
                "propagate_at_launch": "false",
                "value": "100Gi"
              }
            ],
            "target_group_arns": [],
            "termination_policies": [],
            "timeouts": null,
            "vpc_zone_identifier": [
              "subnet-032f530b700ba3a7d",
              "subnet-040a5a687412aa3f8",
              "subnet-0c27636ae347e01e7"
            ],
            "wait_for_capacity_timeout": "10m",
            "wait_for_elb_capacity": null
          },
          "private": "eyJlMmJmYjczMC1lY2FhLTExZTYtOGY4OC0zNDM2M2JjN2M0YzAiOnsiZGVsZXRlIjo2MDAwMDAwMDAwMDB9fQ==",
          "dependencies": [
            "module.my-cluster.aws_cloudwatch_log_group.this",
            "module.my-cluster.aws_eks_cluster.this",
            "module.my-cluster.aws_iam_instance_profile.workers",
            "module.my-cluster.aws_iam_role.cluster",
            "module.my-cluster.aws_iam_role.workers",
            "module.my-cluster.aws_iam_role_policy_attachment.cluster_AmazonEKSClusterPolicy",
            "module.my-cluster.aws_iam_role_policy_attachment.cluster_AmazonEKSServicePolicy",
            "module.my-cluster.aws_launch_configuration.workers",
            "module.my-cluster.aws_security_group.cluster",
            "module.my-cluster.aws_security_group.workers",
            "module.my-cluster.random_pet.workers"
          ]
        }
      ]
    },
    {
      "module": "module.my-cluster",
      "mode": "managed",
      "type": "aws_autoscaling_group",
      "name": "workers_launch_template",
      "each": "list",
      "provider": "provider.aws",
      "instances": []
    },
    {
      "module": "module.my-cluster",
      "mode": "managed",
      "type": "aws_cloudwatch_log_group",
      "name": "this",
      "each": "list",
      "provider": "provider.aws",
      "instances": []
    },
    {
      "module": "module.my-cluster",
      "mode": "managed",
      "type": "aws_eks_cluster",
      "name": "this",
      "each": "list",
      "provider": "provider.aws",
      "instances": [
        {
          "index_key": 0,
          "schema_version": 0,
          "attributes": {
            "arn": "arn:aws:eks:us-east-1:188525776863:cluster/eks-dev",
            "certificate_authority": [
              {
                "data": "LS0tLS1CRUdJTiBDRVJUSUZJQ0FURS0tLS0tCk1JSUN5RENDQWJDZ0F3SUJBZ0lCQURBTkJna3Foa2lHOXcwQkFRc0ZBREFWTVJNd0VRWURWUVFERXdwcmRXSmwKY201bGRHVnpNQjRYRFRJd01ERXlOakEyTkRnME1sb1hEVE13TURFeU16QTJORGcwTWxvd0ZURVRNQkVHQTFVRQpBeE1LYTNWaVpYSnVaWFJsY3pDQ0FTSXdEUVlKS29aSWh2Y05BUUVCQlFBRGdnRVBBRENDQVFvQ2dnRUJBTEp6CjAzZnhEd3IrOVk4eTlJbUpaTk1jMjQ0YWNrUERrQ0hJU2tLZ3ZIYUxpejV5MHhEMG9TVHNOelVmOTV3YVBqY1QKSnRwbldOL28wWEFDQVZLWlFaWWFoSjJ5eWRDT1lJTEFDdG0xYUd4RXdiSWp1QTdWNTJHdUhNQUMrNnl3ejdPSgoyMkMzeVFFZmRMV1RBTmtiL0J4L2h6T3FIRXlhSUxTNWNLblo2MVUyOUZQS3NJUmNaZ1hmZ0g0MjJtbkhvc3paCnJydVJtMDhXa1R5VCtFVnBmZnZ6UHY5WU9qMmQyaFY2UjNZZEN0N2Evbk5hdVB6ZnU1c2FIeHh3Q1JyanRpV1oKK2M0UkpYZzVtZTNOWnl3V2htVUVaa2svdVZqekNhcHNPQXpQdjh6MXExdnlOWDVrNDNTZ0J5dDFEVFVnd005YgowNHhYTDRBSWs3aUo2c0JLcm84Q0F3RUFBYU1qTUNFd0RnWURWUjBQQVFIL0JBUURBZ0trTUE4R0ExVWRFd0VCCi93UUZNQU1CQWY4d0RRWUpLb1pJaHZjTkFRRUxCUUFEZ2dFQkFEYnBKVU1YN2gxZE1vM3ZpSEpWYTJFYVRnRHkKTmdNWHcyUlJrZTh6Zkk3dDRiR0tkTUNKZ2hGbnRRZ2dZQkwwb1FwVEdYQ0I0VThkYUxVNzdzdXYraHh4ZFQrawpxTzFpN0xkYmxnTWgwdzBuVXJZNW5JdUZFbnlTdkYyelpXZHJSVlFFZzhFN1puRUl2eEhXSDlaSVUvUURVcXZqCmRsMmZZS1FRcnc4cW8rcGZBUHp1SVJKVTd4UFBPY3ZXSGxobHlpWUxhUjNQeGlmYkNGbmkreHlnUlUwOXdCWFQKZTk5bHpMNWJBUzBXTjI4K1cwM290MDhrZ01HL21CTm5CZ2hiRVJ4bTl0bytkL1NMYXh3MVBKcmtRT2V4ZDdMagprSjl5V2hZM0JJazdGSWxXTzhoODJxMlQxYjdFbFlTdUtmaFhiNWJKZlVzeFVkQmR4b0ZDanc3dms0QT0KLS0tLS1FTkQgQ0VSVElGSUNBVEUtLS0tLQo="
              }
            ],
            "created_at": "2020-01-26 06:41:43 +0000 UTC",
            "enabled_cluster_log_types": null,
            "endpoint": "https://D84A3042B47CEE89644EBBEBD976B98F.sk1.us-east-1.eks.amazonaws.com",
            "id": "eks-dev",
            "identity": [
              {
                "oidc": [
                  {
                    "issuer": "https://oidc.eks.us-east-1.amazonaws.com/id/D84A3042B47CEE89644EBBEBD976B98F"
                  }
                ]
              }
            ],
            "name": "eks-dev",
            "platform_version": "eks.7",
            "role_arn": "arn:aws:iam::188525776863:role/eks-dev20200126064017174300000001",
            "status": "ACTIVE",
            "tags": null,
            "timeouts": {
              "create": "15m",
              "delete": "15m",
              "update": null
            },
            "version": "1.14",
            "vpc_config": [
              {
                "cluster_security_group_id": "sg-066b9996d64ab7e19",
                "endpoint_private_access": false,
                "endpoint_public_access": true,
                "public_access_cidrs": [
                  "0.0.0.0/0"
                ],
                "security_group_ids": [
                  "sg-069aa2aa4a481deac"
                ],
                "subnet_ids": [
                  "subnet-032f530b700ba3a7d",
                  "subnet-040a5a687412aa3f8",
                  "subnet-0c27636ae347e01e7"
                ],
                "vpc_id": "vpc-014be38c2058c2123"
              }
            ]
          },
          "private": "eyJlMmJmYjczMC1lY2FhLTExZTYtOGY4OC0zNDM2M2JjN2M0YzAiOnsiY3JlYXRlIjo5MDAwMDAwMDAwMDAsImRlbGV0ZSI6OTAwMDAwMDAwMDAwLCJ1cGRhdGUiOjM2MDAwMDAwMDAwMDB9fQ==",
          "dependencies": [
            "module.my-cluster.aws_cloudwatch_log_group.this",
            "module.my-cluster.aws_iam_role.cluster",
            "module.my-cluster.aws_iam_role_policy_attachment.cluster_AmazonEKSClusterPolicy",
            "module.my-cluster.aws_iam_role_policy_attachment.cluster_AmazonEKSServicePolicy",
            "module.my-cluster.aws_security_group.cluster"
          ]
        }
      ]
    },
    {
      "module": "module.my-cluster.module.node_groups",
      "mode": "managed",
      "type": "aws_eks_node_group",
      "name": "workers",
      "each": "map",
      "provider": "provider.aws",
      "instances": []
    },
    {
      "module": "module.my-cluster",
      "mode": "managed",
      "type": "aws_iam_instance_profile",
      "name": "workers",
      "each": "list",
      "provider": "provider.aws",
      "instances": [
        {
          "index_key": 0,
          "schema_version": 0,
          "attributes": {
            "arn": "arn:aws:iam::188525776863:instance-profile/eks-dev20200126065133978900000008",
            "create_date": "2020-01-26T06:52:47Z",
            "id": "eks-dev20200126065133978900000008",
            "name": "eks-dev20200126065133978900000008",
            "name_prefix": "eks-dev",
            "path": "/",
            "role": "eks-dev20200126065132962500000005",
            "roles": [],
            "unique_id": "AIPASXZIDB7PQ3CCE564N"
          },
          "private": "bnVsbA==",
          "dependencies": [
            "module.my-cluster.aws_cloudwatch_log_group.this",
            "module.my-cluster.aws_eks_cluster.this",
            "module.my-cluster.aws_iam_role.cluster",
            "module.my-cluster.aws_iam_role.workers",
            "module.my-cluster.aws_iam_role_policy_attachment.cluster_AmazonEKSClusterPolicy",
            "module.my-cluster.aws_iam_role_policy_attachment.cluster_AmazonEKSServicePolicy",
            "module.my-cluster.aws_security_group.cluster"
          ]
        }
      ]
    },
    {
      "module": "module.my-cluster",
      "mode": "managed",
      "type": "aws_iam_instance_profile",
      "name": "workers_launch_template",
      "each": "list",
      "provider": "provider.aws",
      "instances": []
    },
    {
      "module": "module.my-cluster",
      "mode": "managed",
      "type": "aws_iam_openid_connect_provider",
      "name": "oidc_provider",
      "each": "list",
      "provider": "provider.aws",
      "instances": []
    },
    {
      "module": "module.my-cluster",
      "mode": "managed",
      "type": "aws_iam_policy",
      "name": "worker_autoscaling",
      "each": "list",
      "provider": "provider.aws",
      "instances": [
        {
          "index_key": 0,
          "schema_version": 0,
          "attributes": {
            "arn": "arn:aws:iam::188525776863:policy/eks-worker-autoscaling-eks-dev20200126065132977900000007",
            "description": "EKS worker node autoscaling policy for cluster eks-dev",
            "id": "arn:aws:iam::188525776863:policy/eks-worker-autoscaling-eks-dev20200126065132977900000007",
            "name": "eks-worker-autoscaling-eks-dev20200126065132977900000007",
            "name_prefix": "eks-worker-autoscaling-eks-dev",
            "path": "/",
            "policy": "{\n  \"Version\": \"2012-10-17\",\n  \"Statement\": [\n    {\n      \"Sid\": \"eksWorkerAutoscalingAll\",\n      \"Effect\": \"Allow\",\n      \"Action\": [\n        \"ec2:DescribeLaunchTemplateVersions\",\n        \"autoscaling:DescribeTags\",\n        \"autoscaling:DescribeLaunchConfigurations\",\n        \"autoscaling:DescribeAutoScalingInstances\",\n        \"autoscaling:DescribeAutoScalingGroups\"\n      ],\n      \"Resource\": \"*\"\n    },\n    {\n      \"Sid\": \"eksWorkerAutoscalingOwn\",\n      \"Effect\": \"Allow\",\n      \"Action\": [\n        \"autoscaling:UpdateAutoScalingGroup\",\n        \"autoscaling:TerminateInstanceInAutoScalingGroup\",\n        \"autoscaling:SetDesiredCapacity\"\n      ],\n      \"Resource\": \"*\",\n      \"Condition\": {\n        \"StringEquals\": {\n          \"autoscaling:ResourceTag/k8s.io/cluster-autoscaler/enabled\": \"true\",\n          \"autoscaling:ResourceTag/kubernetes.io/cluster/eks-dev\": \"owned\"\n        }\n      }\n    }\n  ]\n}"
          },
          "private": "bnVsbA==",
          "dependencies": [
            "module.my-cluster.aws_cloudwatch_log_group.this",
            "module.my-cluster.aws_eks_cluster.this",
            "module.my-cluster.aws_iam_role.cluster",
            "module.my-cluster.aws_iam_role_policy_attachment.cluster_AmazonEKSClusterPolicy",
            "module.my-cluster.aws_iam_role_policy_attachment.cluster_AmazonEKSServicePolicy",
            "module.my-cluster.aws_security_group.cluster"
          ]
        }
      ]
    },
    {
      "module": "module.my-cluster",
      "mode": "managed",
      "type": "aws_iam_role",
      "name": "cluster",
      "each": "list",
      "provider": "provider.aws",
      "instances": [
        {
          "index_key": 0,
          "schema_version": 0,
          "attributes": {
            "arn": "arn:aws:iam::188525776863:role/eks-dev20200126064017174300000001",
            "assume_role_policy": "{\"Version\":\"2012-10-17\",\"Statement\":[{\"Sid\":\"EKSClusterAssumeRole\",\"Effect\":\"Allow\",\"Principal\":{\"Service\":\"eks.amazonaws.com\"},\"Action\":\"sts:AssumeRole\"}]}",
            "create_date": "2020-01-26T06:41:31Z",
            "description": "",
            "force_detach_policies": true,
            "id": "eks-dev20200126064017174300000001",
            "max_session_duration": 3600,
            "name": "eks-dev20200126064017174300000001",
            "name_prefix": "eks-dev",
            "path": "/",
            "permissions_boundary": null,
            "tags": null,
            "unique_id": "AROASXZIDB7PQ5CXWYCSA"
          },
          "private": "bnVsbA=="
        }
      ]
    },
    {
      "module": "module.my-cluster",
      "mode": "managed",
      "type": "aws_iam_role",
      "name": "workers",
      "each": "list",
      "provider": "provider.aws",
      "instances": [
        {
          "index_key": 0,
          "schema_version": 0,
          "attributes": {
            "arn": "arn:aws:iam::188525776863:role/eks-dev20200126065132962500000005",
            "assume_role_policy": "{\"Version\":\"2012-10-17\",\"Statement\":[{\"Sid\":\"EKSWorkerAssumeRole\",\"Effect\":\"Allow\",\"Principal\":{\"Service\":\"ec2.amazonaws.com\"},\"Action\":\"sts:AssumeRole\"}]}",
            "create_date": "2020-01-26T06:52:46Z",
            "description": "",
            "force_detach_policies": true,
            "id": "eks-dev20200126065132962500000005",
            "max_session_duration": 3600,
            "name": "eks-dev20200126065132962500000005",
            "name_prefix": "eks-dev",
            "path": "/",
            "permissions_boundary": null,
            "tags": null,
            "unique_id": "AROASXZIDB7P5ZTOV7GQY"
          },
          "private": "bnVsbA==",
          "dependencies": [
            "module.my-cluster.aws_cloudwatch_log_group.this",
            "module.my-cluster.aws_eks_cluster.this",
            "module.my-cluster.aws_iam_role.cluster",
            "module.my-cluster.aws_iam_role_policy_attachment.cluster_AmazonEKSClusterPolicy",
            "module.my-cluster.aws_iam_role_policy_attachment.cluster_AmazonEKSServicePolicy",
            "module.my-cluster.aws_security_group.cluster"
          ]
        }
      ]
    },
    {
      "module": "module.my-cluster",
      "mode": "managed",
      "type": "aws_iam_role_policy_attachment",
      "name": "cluster_AmazonEKSClusterPolicy",
      "each": "list",
      "provider": "provider.aws",
      "instances": [
        {
          "index_key": 0,
          "schema_version": 0,
          "attributes": {
            "id": "eks-dev20200126064017174300000001-20200126064018732700000004",
            "policy_arn": "arn:aws:iam::aws:policy/AmazonEKSClusterPolicy",
            "role": "eks-dev20200126064017174300000001"
          },
          "private": "bnVsbA==",
          "dependencies": [
            "module.my-cluster.aws_iam_role.cluster"
          ]
        }
      ]
    },
    {
      "module": "module.my-cluster",
      "mode": "managed",
      "type": "aws_iam_role_policy_attachment",
      "name": "cluster_AmazonEKSServicePolicy",
      "each": "list",
      "provider": "provider.aws",
      "instances": [
        {
          "index_key": 0,
          "schema_version": 0,
          "attributes": {
            "id": "eks-dev20200126064017174300000001-20200126064018724200000003",
            "policy_arn": "arn:aws:iam::aws:policy/AmazonEKSServicePolicy",
            "role": "eks-dev20200126064017174300000001"
          },
          "private": "bnVsbA==",
          "dependencies": [
            "module.my-cluster.aws_iam_role.cluster"
          ]
        }
      ]
    },
    {
      "module": "module.my-cluster",
      "mode": "managed",
      "type": "aws_iam_role_policy_attachment",
      "name": "workers_AmazonEC2ContainerRegistryReadOnly",
      "each": "list",
      "provider": "provider.aws",
      "instances": [
        {
          "index_key": 0,
          "schema_version": 0,
          "attributes": {
            "id": "eks-dev20200126065132962500000005-20200126065134403000000009",
            "policy_arn": "arn:aws:iam::aws:policy/AmazonEC2ContainerRegistryReadOnly",
            "role": "eks-dev20200126065132962500000005"
          },
          "private": "bnVsbA==",
          "dependencies": [
            "module.my-cluster.aws_cloudwatch_log_group.this",
            "module.my-cluster.aws_eks_cluster.this",
            "module.my-cluster.aws_iam_role.cluster",
            "module.my-cluster.aws_iam_role.workers",
            "module.my-cluster.aws_iam_role_policy_attachment.cluster_AmazonEKSClusterPolicy",
            "module.my-cluster.aws_iam_role_policy_attachment.cluster_AmazonEKSServicePolicy",
            "module.my-cluster.aws_security_group.cluster"
          ]
        }
      ]
    },
    {
      "module": "module.my-cluster",
      "mode": "managed",
      "type": "aws_iam_role_policy_attachment",
      "name": "workers_AmazonEKSWorkerNodePolicy",
      "each": "list",
      "provider": "provider.aws",
      "instances": [
        {
          "index_key": 0,
          "schema_version": 0,
          "attributes": {
            "id": "eks-dev20200126065132962500000005-2020012606513440610000000a",
            "policy_arn": "arn:aws:iam::aws:policy/AmazonEKSWorkerNodePolicy",
            "role": "eks-dev20200126065132962500000005"
          },
          "private": "bnVsbA==",
          "dependencies": [
            "module.my-cluster.aws_cloudwatch_log_group.this",
            "module.my-cluster.aws_eks_cluster.this",
            "module.my-cluster.aws_iam_role.cluster",
            "module.my-cluster.aws_iam_role.workers",
            "module.my-cluster.aws_iam_role_policy_attachment.cluster_AmazonEKSClusterPolicy",
            "module.my-cluster.aws_iam_role_policy_attachment.cluster_AmazonEKSServicePolicy",
            "module.my-cluster.aws_security_group.cluster"
          ]
        }
      ]
    },
    {
      "module": "module.my-cluster",
      "mode": "managed",
      "type": "aws_iam_role_policy_attachment",
      "name": "workers_AmazonEKS_CNI_Policy",
      "each": "list",
      "provider": "provider.aws",
      "instances": [
        {
          "index_key": 0,
          "schema_version": 0,
          "attributes": {
            "id": "eks-dev20200126065132962500000005-2020012606513442400000000b",
            "policy_arn": "arn:aws:iam::aws:policy/AmazonEKS_CNI_Policy",
            "role": "eks-dev20200126065132962500000005"
          },
          "private": "bnVsbA==",
          "dependencies": [
            "module.my-cluster.aws_cloudwatch_log_group.this",
            "module.my-cluster.aws_eks_cluster.this",
            "module.my-cluster.aws_iam_role.cluster",
            "module.my-cluster.aws_iam_role.workers",
            "module.my-cluster.aws_iam_role_policy_attachment.cluster_AmazonEKSClusterPolicy",
            "module.my-cluster.aws_iam_role_policy_attachment.cluster_AmazonEKSServicePolicy",
            "module.my-cluster.aws_security_group.cluster"
          ]
        }
      ]
    },
    {
      "module": "module.my-cluster",
      "mode": "managed",
      "type": "aws_iam_role_policy_attachment",
      "name": "workers_additional_policies",
      "each": "list",
      "provider": "provider.aws",
      "instances": []
    },
    {
      "module": "module.my-cluster",
      "mode": "managed",
      "type": "aws_iam_role_policy_attachment",
      "name": "workers_autoscaling",
      "each": "list",
      "provider": "provider.aws",
      "instances": [
        {
          "index_key": 0,
          "schema_version": 0,
          "attributes": {
            "id": "eks-dev20200126065132962500000005-2020012606513494760000000c",
            "policy_arn": "arn:aws:iam::188525776863:policy/eks-worker-autoscaling-eks-dev20200126065132977900000007",
            "role": "eks-dev20200126065132962500000005"
          },
          "private": "bnVsbA==",
          "dependencies": [
            "module.my-cluster.aws_cloudwatch_log_group.this",
            "module.my-cluster.aws_eks_cluster.this",
            "module.my-cluster.aws_iam_policy.worker_autoscaling",
            "module.my-cluster.aws_iam_role.cluster",
            "module.my-cluster.aws_iam_role.workers",
            "module.my-cluster.aws_iam_role_policy_attachment.cluster_AmazonEKSClusterPolicy",
            "module.my-cluster.aws_iam_role_policy_attachment.cluster_AmazonEKSServicePolicy",
            "module.my-cluster.aws_security_group.cluster"
          ]
        }
      ]
    },
    {
      "module": "module.my-cluster",
      "mode": "managed",
      "type": "aws_launch_configuration",
      "name": "workers",
      "each": "list",
      "provider": "provider.aws",
      "instances": [
        {
          "index_key": 0,
          "schema_version": 0,
          "attributes": {
            "arn": "arn:aws:autoscaling:us-east-1:188525776863:launchConfiguration:c3d9061a-c351-4680-a9a5-9fe803f8aded:launchConfigurationName/eks-dev-02020012606513782890000000d",
            "associate_public_ip_address": false,
            "ebs_block_device": [],
            "ebs_optimized": true,
            "enable_monitoring": true,
            "ephemeral_block_device": [],
            "iam_instance_profile": "eks-dev20200126065133978900000008",
            "id": "eks-dev-02020012606513782890000000d",
            "image_id": "ami-087a82f6b78a07557",
            "instance_type": "m4.large",
            "key_name": "",
            "name": "eks-dev-02020012606513782890000000d",
            "name_prefix": "eks-dev-0",
            "placement_tenancy": "",
            "root_block_device": [
              {
                "delete_on_termination": true,
                "encrypted": false,
                "iops": 0,
                "volume_size": 100,
                "volume_type": "gp2"
              }
            ],
            "security_groups": [
              "sg-0a438b9b6a6490e7d"
            ],
            "spot_price": "",
            "user_data": null,
            "user_data_base64": "IyEvYmluL2Jhc2ggLXhlCgojIEFsbG93IHVzZXIgc3VwcGxpZWQgcHJlIHVzZXJkYXRhIGNvZGUKCgojIEJvb3RzdHJhcCBhbmQgam9pbiB0aGUgY2x1c3RlcgovZXRjL2Vrcy9ib290c3RyYXAuc2ggLS1iNjQtY2x1c3Rlci1jYSAnTFMwdExTMUNSVWRKVGlCRFJWSlVTVVpKUTBGVVJTMHRMUzB0Q2sxSlNVTjVSRU5EUVdKRFowRjNTVUpCWjBsQ1FVUkJUa0puYTNGb2EybEhPWGN3UWtGUmMwWkJSRUZXVFZKTmQwVlJXVVJXVVZGRVJYZHdjbVJYU213S1kyMDFiR1JIVm5wTlFqUllSRlJKZDAxRVJYbE9ha0V5VGtSbk1FMXNiMWhFVkUxM1RVUkZlVTE2UVRKT1JHY3dUV3h2ZDBaVVJWUk5Ra1ZIUVRGVlJRcEJlRTFMWVROV2FWcFlTblZhV0ZKc1kzcERRMEZUU1hkRVVWbEtTMjlhU1doMlkwNUJVVVZDUWxGQlJHZG5SVkJCUkVORFFWRnZRMmRuUlVKQlRFcDZDakF6Wm5oRWQzSXJPVms0ZVRsSmJVcGFUazFqTWpRMFlXTnJVRVJyUTBoSlUydExaM1pJWVV4cGVqVjVNSGhFTUc5VFZITk9lbFZtT1RWM1lWQnFZMVFLU25Sd2JsZE9MMjh3V0VGRFFWWkxXbEZhV1dGb1NqSjVlV1JEVDFsSlRFRkRkRzB4WVVkNFJYZGlTV3AxUVRkV05USkhkVWhOUVVNck5ubDNlamRQU2dveU1rTXplVkZGWm1STVYxUkJUbXRpTDBKNEwyaDZUM0ZJUlhsaFNVeFROV05MYmxvMk1WVXlPVVpRUzNOSlVtTmFaMWhtWjBnME1qSnRia2h2YzNwYUNuSnlkVkp0TURoWGExUjVWQ3RGVm5CbVpuWjZVSFk1V1U5cU1tUXlhRlkyVWpOWlpFTjBOMkV2Yms1aGRWQjZablUxYzJGSWVIaDNRMUp5YW5ScFYxb0tLMk0wVWtwWVp6VnRaVE5PV25sM1YyaHRWVVZhYTJzdmRWWnFla05oY0hOUFFYcFFkamg2TVhFeGRubE9XRFZyTkROVFowSjVkREZFVkZWbmQwMDVZZ293TkhoWVREUkJTV3MzYVVvMmMwSkxjbTg0UTBGM1JVRkJZVTFxVFVORmQwUm5XVVJXVWpCUVFWRklMMEpCVVVSQlowdHJUVUU0UjBFeFZXUkZkMFZDQ2k5M1VVWk5RVTFDUVdZNGQwUlJXVXBMYjFwSmFIWmpUa0ZSUlV4Q1VVRkVaMmRGUWtGRVluQktWVTFZTjJneFpFMXZNM1pwU0VwV1lUSkZZVlJuUkhrS1RtZE5XSGN5VWxKclpUaDZaa2szZERSaVIwdGtUVU5LWjJoR2JuUlJaMmRaUWt3d2IxRndWRWRZUTBJMFZUaGtZVXhWTnpkemRYWXJhSGg0WkZRcmF3cHhUekZwTjB4a1lteG5UV2d3ZHpCdVZYSlpOVzVKZFVaRmJubFRka1l5ZWxwWFpISlNWbEZGWnpoRk4xcHVSVWwyZUVoWFNEbGFTVlV2VVVSVmNYWnFDbVJzTW1aWlMxRlJjbmM0Y1c4cmNHWkJVSHAxU1ZKS1ZUZDRVRkJQWTNaWFNHeG9iSGxwV1V4aFVqTlFlR2xtWWtOR2Jta3JlSGxuVWxVd09YZENXRlFLWlRrNWJIcE1OV0pCVXpCWFRqSTRLMWN3TTI5ME1EaHJaMDFITDIxQ1RtNUNaMmhpUlZKNGJUbDBieXRrTDFOTVlYaDNNVkJLY210UlQyVjRaRGRNYWdwclNqbDVWMmhaTTBKSmF6ZEdTV3hYVHpob09ESnhNbFF4WWpkRmJGbFRkVXRtYUZoaU5XSktabFZ6ZUZWa1FtUjRiMFpEYW5jM2RtczBRVDBLTFMwdExTMUZUa1FnUTBWU1ZFbEdTVU5CVkVVdExTMHRMUW89JyAtLWFwaXNlcnZlci1lbmRwb2ludCAnaHR0cHM6Ly9EODRBMzA0MkI0N0NFRTg5NjQ0RUJCRUJEOTc2Qjk4Ri5zazEudXMtZWFzdC0xLmVrcy5hbWF6b25hd3MuY29tJyAgLS1rdWJlbGV0LWV4dHJhLWFyZ3MgIiIgJ2Vrcy1kZXYnCgojIEFsbG93IHVzZXIgc3VwcGxpZWQgdXNlcmRhdGEgY29kZQoK",
            "vpc_classic_link_id": "",
            "vpc_classic_link_security_groups": null
          },
          "private": "bnVsbA==",
          "dependencies": [
            "module.my-cluster.aws_cloudwatch_log_group.this",
            "module.my-cluster.aws_eks_cluster.this",
            "module.my-cluster.aws_iam_instance_profile.workers",
            "module.my-cluster.aws_iam_role.cluster",
            "module.my-cluster.aws_iam_role.workers",
            "module.my-cluster.aws_iam_role_policy_attachment.cluster_AmazonEKSClusterPolicy",
            "module.my-cluster.aws_iam_role_policy_attachment.cluster_AmazonEKSServicePolicy",
            "module.my-cluster.aws_security_group.cluster",
            "module.my-cluster.aws_security_group.workers"
          ]
        }
      ]
    },
    {
      "module": "module.my-cluster",
      "mode": "managed",
      "type": "aws_launch_template",
      "name": "workers_launch_template",
      "each": "list",
      "provider": "provider.aws",
      "instances": []
    },
    {
      "module": "module.my-cluster",
      "mode": "managed",
      "type": "aws_security_group",
      "name": "cluster",
      "each": "list",
      "provider": "provider.aws",
      "instances": [
        {
          "index_key": 0,
          "schema_version": 1,
          "attributes": {
            "arn": "arn:aws:ec2:us-east-1:188525776863:security-group/sg-069aa2aa4a481deac",
            "description": "EKS cluster security group.",
            "egress": [],
            "id": "sg-069aa2aa4a481deac",
            "ingress": [],
            "name": "eks-dev20200126064017174400000002",
            "name_prefix": "eks-dev",
            "owner_id": "188525776863",
            "revoke_rules_on_delete": false,
            "tags": {
              "Name": "eks-dev-eks_cluster_sg"
            },
            "timeouts": null,
            "vpc_id": "vpc-014be38c2058c2123"
          },
          "private": "eyJlMmJmYjczMC1lY2FhLTExZTYtOGY4OC0zNDM2M2JjN2M0YzAiOnsiY3JlYXRlIjo2MDAwMDAwMDAwMDAsImRlbGV0ZSI6NjAwMDAwMDAwMDAwfSwic2NoZW1hX3ZlcnNpb24iOiIxIn0="
        }
      ]
    },
    {
      "module": "module.my-cluster",
      "mode": "managed",
      "type": "aws_security_group",
      "name": "workers",
      "each": "list",
      "provider": "provider.aws",
      "instances": [
        {
          "index_key": 0,
          "schema_version": 1,
          "attributes": {
            "arn": "arn:aws:ec2:us-east-1:188525776863:security-group/sg-0a438b9b6a6490e7d",
            "description": "Security group for all nodes in the cluster.",
            "egress": [],
            "id": "sg-0a438b9b6a6490e7d",
            "ingress": [],
            "name": "eks-dev20200126065132975500000006",
            "name_prefix": "eks-dev",
            "owner_id": "188525776863",
            "revoke_rules_on_delete": false,
            "tags": {
              "Name": "eks-dev-eks_worker_sg",
              "kubernetes.io/cluster/eks-dev": "owned"
            },
            "timeouts": null,
            "vpc_id": "vpc-014be38c2058c2123"
          },
          "private": "eyJlMmJmYjczMC1lY2FhLTExZTYtOGY4OC0zNDM2M2JjN2M0YzAiOnsiY3JlYXRlIjo2MDAwMDAwMDAwMDAsImRlbGV0ZSI6NjAwMDAwMDAwMDAwfSwic2NoZW1hX3ZlcnNpb24iOiIxIn0=",
          "dependencies": [
            "module.my-cluster.aws_cloudwatch_log_group.this",
            "module.my-cluster.aws_eks_cluster.this",
            "module.my-cluster.aws_iam_role.cluster",
            "module.my-cluster.aws_iam_role_policy_attachment.cluster_AmazonEKSClusterPolicy",
            "module.my-cluster.aws_iam_role_policy_attachment.cluster_AmazonEKSServicePolicy",
            "module.my-cluster.aws_security_group.cluster"
          ]
        }
      ]
    },
    {
      "module": "module.my-cluster",
      "mode": "managed",
      "type": "aws_security_group_rule",
      "name": "cluster_egress_internet",
      "each": "list",
      "provider": "provider.aws",
      "instances": [
        {
          "index_key": 0,
          "schema_version": 2,
          "attributes": {
            "cidr_blocks": [
              "0.0.0.0/0"
            ],
            "description": "Allow cluster egress access to the Internet.",
            "from_port": 0,
            "id": "sgrule-4170912453",
            "ipv6_cidr_blocks": null,
            "prefix_list_ids": null,
            "protocol": "-1",
            "security_group_id": "sg-069aa2aa4a481deac",
            "self": false,
            "source_security_group_id": null,
            "to_port": 0,
            "type": "egress"
          },
          "private": "eyJzY2hlbWFfdmVyc2lvbiI6IjIifQ==",
          "dependencies": [
            "module.my-cluster.aws_security_group.cluster"
          ]
        }
      ]
    },
    {
      "module": "module.my-cluster",
      "mode": "managed",
      "type": "aws_security_group_rule",
      "name": "cluster_https_worker_ingress",
      "each": "list",
      "provider": "provider.aws",
      "instances": [
        {
          "index_key": 0,
          "schema_version": 2,
          "attributes": {
            "cidr_blocks": null,
            "description": "Allow pods to communicate with the EKS cluster API.",
            "from_port": 443,
            "id": "sgrule-4037121557",
            "ipv6_cidr_blocks": null,
            "prefix_list_ids": null,
            "protocol": "tcp",
            "security_group_id": "sg-069aa2aa4a481deac",
            "self": false,
            "source_security_group_id": "sg-0a438b9b6a6490e7d",
            "to_port": 443,
            "type": "ingress"
          },
          "private": "eyJzY2hlbWFfdmVyc2lvbiI6IjIifQ==",
          "dependencies": [
            "module.my-cluster.aws_cloudwatch_log_group.this",
            "module.my-cluster.aws_eks_cluster.this",
            "module.my-cluster.aws_iam_role.cluster",
            "module.my-cluster.aws_iam_role_policy_attachment.cluster_AmazonEKSClusterPolicy",
            "module.my-cluster.aws_iam_role_policy_attachment.cluster_AmazonEKSServicePolicy",
            "module.my-cluster.aws_security_group.cluster",
            "module.my-cluster.aws_security_group.workers"
          ]
        }
      ]
    },
    {
      "module": "module.my-cluster",
      "mode": "managed",
      "type": "aws_security_group_rule",
      "name": "workers_egress_internet",
      "each": "list",
      "provider": "provider.aws",
      "instances": [
        {
          "index_key": 0,
          "schema_version": 2,
          "attributes": {
            "cidr_blocks": [
              "0.0.0.0/0"
            ],
            "description": "Allow nodes all egress to the Internet.",
            "from_port": 0,
            "id": "sgrule-777840064",
            "ipv6_cidr_blocks": null,
            "prefix_list_ids": null,
            "protocol": "-1",
            "security_group_id": "sg-0a438b9b6a6490e7d",
            "self": false,
            "source_security_group_id": null,
            "to_port": 0,
            "type": "egress"
          },
          "private": "eyJzY2hlbWFfdmVyc2lvbiI6IjIifQ==",
          "dependencies": [
            "module.my-cluster.aws_cloudwatch_log_group.this",
            "module.my-cluster.aws_eks_cluster.this",
            "module.my-cluster.aws_iam_role.cluster",
            "module.my-cluster.aws_iam_role_policy_attachment.cluster_AmazonEKSClusterPolicy",
            "module.my-cluster.aws_iam_role_policy_attachment.cluster_AmazonEKSServicePolicy",
            "module.my-cluster.aws_security_group.cluster",
            "module.my-cluster.aws_security_group.workers"
          ]
        }
      ]
    },
    {
      "module": "module.my-cluster",
      "mode": "managed",
      "type": "aws_security_group_rule",
      "name": "workers_ingress_cluster",
      "each": "list",
      "provider": "provider.aws",
      "instances": [
        {
          "index_key": 0,
          "schema_version": 2,
          "attributes": {
            "cidr_blocks": null,
            "description": "Allow workers pods to receive communication from the cluster control plane.",
            "from_port": 1025,
            "id": "sgrule-1821530638",
            "ipv6_cidr_blocks": null,
            "prefix_list_ids": null,
            "protocol": "tcp",
            "security_group_id": "sg-0a438b9b6a6490e7d",
            "self": false,
            "source_security_group_id": "sg-069aa2aa4a481deac",
            "to_port": 65535,
            "type": "ingress"
          },
          "private": "eyJzY2hlbWFfdmVyc2lvbiI6IjIifQ==",
          "dependencies": [
            "module.my-cluster.aws_cloudwatch_log_group.this",
            "module.my-cluster.aws_eks_cluster.this",
            "module.my-cluster.aws_iam_role.cluster",
            "module.my-cluster.aws_iam_role_policy_attachment.cluster_AmazonEKSClusterPolicy",
            "module.my-cluster.aws_iam_role_policy_attachment.cluster_AmazonEKSServicePolicy",
            "module.my-cluster.aws_security_group.cluster",
            "module.my-cluster.aws_security_group.workers"
          ]
        }
      ]
    },
    {
      "module": "module.my-cluster",
      "mode": "managed",
      "type": "aws_security_group_rule",
      "name": "workers_ingress_cluster_https",
      "each": "list",
      "provider": "provider.aws",
      "instances": [
        {
          "index_key": 0,
          "schema_version": 2,
          "attributes": {
            "cidr_blocks": null,
            "description": "Allow pods running extension API servers on port 443 to receive communication from cluster control plane.",
            "from_port": 443,
            "id": "sgrule-2468864627",
            "ipv6_cidr_blocks": null,
            "prefix_list_ids": null,
            "protocol": "tcp",
            "security_group_id": "sg-0a438b9b6a6490e7d",
            "self": false,
            "source_security_group_id": "sg-069aa2aa4a481deac",
            "to_port": 443,
            "type": "ingress"
          },
          "private": "eyJzY2hlbWFfdmVyc2lvbiI6IjIifQ==",
          "dependencies": [
            "module.my-cluster.aws_cloudwatch_log_group.this",
            "module.my-cluster.aws_eks_cluster.this",
            "module.my-cluster.aws_iam_role.cluster",
            "module.my-cluster.aws_iam_role_policy_attachment.cluster_AmazonEKSClusterPolicy",
            "module.my-cluster.aws_iam_role_policy_attachment.cluster_AmazonEKSServicePolicy",
            "module.my-cluster.aws_security_group.cluster",
            "module.my-cluster.aws_security_group.workers"
          ]
        }
      ]
    },
    {
      "module": "module.my-cluster",
      "mode": "managed",
      "type": "aws_security_group_rule",
      "name": "workers_ingress_cluster_kubelet",
      "each": "list",
      "provider": "provider.aws",
      "instances": []
    },
    {
      "module": "module.my-cluster",
      "mode": "managed",
      "type": "aws_security_group_rule",
      "name": "workers_ingress_self",
      "each": "list",
      "provider": "provider.aws",
      "instances": [
        {
          "index_key": 0,
          "schema_version": 2,
          "attributes": {
            "cidr_blocks": null,
            "description": "Allow node to communicate with each other.",
            "from_port": 0,
            "id": "sgrule-3338451488",
            "ipv6_cidr_blocks": null,
            "prefix_list_ids": null,
            "protocol": "-1",
            "security_group_id": "sg-0a438b9b6a6490e7d",
            "self": false,
            "source_security_group_id": "sg-0a438b9b6a6490e7d",
            "to_port": 65535,
            "type": "ingress"
          },
          "private": "eyJzY2hlbWFfdmVyc2lvbiI6IjIifQ==",
          "dependencies": [
            "module.my-cluster.aws_cloudwatch_log_group.this",
            "module.my-cluster.aws_eks_cluster.this",
            "module.my-cluster.aws_iam_role.cluster",
            "module.my-cluster.aws_iam_role_policy_attachment.cluster_AmazonEKSClusterPolicy",
            "module.my-cluster.aws_iam_role_policy_attachment.cluster_AmazonEKSServicePolicy",
            "module.my-cluster.aws_security_group.cluster",
            "module.my-cluster.aws_security_group.workers"
          ]
        }
      ]
    },
    {
      "module": "module.my-cluster",
      "mode": "managed",
      "type": "kubernetes_config_map",
      "name": "aws_auth",
      "each": "list",
      "provider": "provider.kubernetes",
      "instances": [
        {
          "index_key": 0,
          "schema_version": 0,
          "attributes": {
            "binary_data": null,
            "data": {
              "mapAccounts": "[]\n",
              "mapRoles": "- rolearn: arn:aws:iam::188525776863:role/eks-dev20200126065132962500000005\n  username: system:node:{{EC2PrivateDNSName}}\n  groups:\n    - system:bootstrappers\n    - system:nodes\n\n\n",
              "mapUsers": "[]\n"
            },
            "id": "kube-system/aws-auth",
            "metadata": [
              {
                "annotations": null,
                "generate_name": "",
                "generation": 0,
                "labels": null,
                "name": "aws-auth",
                "namespace": "kube-system",
                "resource_version": "591",
                "self_link": "/api/v1/namespaces/kube-system/configmaps/aws-auth",
                "uid": "77327937-4008-11ea-991b-0ac1e1137f8b"
              }
            ]
          },
          "private": "bnVsbA==",
          "dependencies": [
            "module.my-cluster.aws_cloudwatch_log_group.this",
            "module.my-cluster.aws_eks_cluster.this",
            "module.my-cluster.aws_iam_instance_profile.workers",
            "module.my-cluster.aws_iam_role.cluster",
            "module.my-cluster.aws_iam_role.workers",
            "module.my-cluster.aws_iam_role_policy_attachment.cluster_AmazonEKSClusterPolicy",
            "module.my-cluster.aws_iam_role_policy_attachment.cluster_AmazonEKSServicePolicy",
            "module.my-cluster.aws_security_group.cluster"
          ]
        }
      ]
    },
    {
      "module": "module.my-cluster",
      "mode": "managed",
      "type": "local_file",
      "name": "kubeconfig",
      "each": "list",
      "provider": "provider.local",
      "instances": [
        {
          "index_key": 0,
          "schema_version": 0,
          "attributes": {
            "content": "apiVersion: v1\npreferences: {}\nkind: Config\n\nclusters:\n- cluster:\n    server: https://D84A3042B47CEE89644EBBEBD976B98F.sk1.us-east-1.eks.amazonaws.com\n    certificate-authority-data: LS0tLS1CRUdJTiBDRVJUSUZJQ0FURS0tLS0tCk1JSUN5RENDQWJDZ0F3SUJBZ0lCQURBTkJna3Foa2lHOXcwQkFRc0ZBREFWTVJNd0VRWURWUVFERXdwcmRXSmwKY201bGRHVnpNQjRYRFRJd01ERXlOakEyTkRnME1sb1hEVE13TURFeU16QTJORGcwTWxvd0ZURVRNQkVHQTFVRQpBeE1LYTNWaVpYSnVaWFJsY3pDQ0FTSXdEUVlKS29aSWh2Y05BUUVCQlFBRGdnRVBBRENDQVFvQ2dnRUJBTEp6CjAzZnhEd3IrOVk4eTlJbUpaTk1jMjQ0YWNrUERrQ0hJU2tLZ3ZIYUxpejV5MHhEMG9TVHNOelVmOTV3YVBqY1QKSnRwbldOL28wWEFDQVZLWlFaWWFoSjJ5eWRDT1lJTEFDdG0xYUd4RXdiSWp1QTdWNTJHdUhNQUMrNnl3ejdPSgoyMkMzeVFFZmRMV1RBTmtiL0J4L2h6T3FIRXlhSUxTNWNLblo2MVUyOUZQS3NJUmNaZ1hmZ0g0MjJtbkhvc3paCnJydVJtMDhXa1R5VCtFVnBmZnZ6UHY5WU9qMmQyaFY2UjNZZEN0N2Evbk5hdVB6ZnU1c2FIeHh3Q1JyanRpV1oKK2M0UkpYZzVtZTNOWnl3V2htVUVaa2svdVZqekNhcHNPQXpQdjh6MXExdnlOWDVrNDNTZ0J5dDFEVFVnd005YgowNHhYTDRBSWs3aUo2c0JLcm84Q0F3RUFBYU1qTUNFd0RnWURWUjBQQVFIL0JBUURBZ0trTUE4R0ExVWRFd0VCCi93UUZNQU1CQWY4d0RRWUpLb1pJaHZjTkFRRUxCUUFEZ2dFQkFEYnBKVU1YN2gxZE1vM3ZpSEpWYTJFYVRnRHkKTmdNWHcyUlJrZTh6Zkk3dDRiR0tkTUNKZ2hGbnRRZ2dZQkwwb1FwVEdYQ0I0VThkYUxVNzdzdXYraHh4ZFQrawpxTzFpN0xkYmxnTWgwdzBuVXJZNW5JdUZFbnlTdkYyelpXZHJSVlFFZzhFN1puRUl2eEhXSDlaSVUvUURVcXZqCmRsMmZZS1FRcnc4cW8rcGZBUHp1SVJKVTd4UFBPY3ZXSGxobHlpWUxhUjNQeGlmYkNGbmkreHlnUlUwOXdCWFQKZTk5bHpMNWJBUzBXTjI4K1cwM290MDhrZ01HL21CTm5CZ2hiRVJ4bTl0bytkL1NMYXh3MVBKcmtRT2V4ZDdMagprSjl5V2hZM0JJazdGSWxXTzhoODJxMlQxYjdFbFlTdUtmaFhiNWJKZlVzeFVkQmR4b0ZDanc3dms0QT0KLS0tLS1FTkQgQ0VSVElGSUNBVEUtLS0tLQo=\n  name: eks_eks-dev\n\ncontexts:\n- context:\n    cluster: eks_eks-dev\n    user: eks_eks-dev\n  name: eks_eks-dev\n\ncurrent-context: eks_eks-dev\n\nusers:\n- name: eks_eks-dev\n  user:\n    exec:\n      apiVersion: client.authentication.k8s.io/v1alpha1\n      command: aws-iam-authenticator\n      args:\n        - \"token\"\n        - \"-i\"\n        - \"eks-dev\"\n\n\n",
            "content_base64": null,
            "directory_permission": "0777",
            "file_permission": "0777",
            "filename": "./kubeconfig_eks-dev",
            "id": "9f1f1a36443a5157c1dc729256e6b8ef35792d7c",
            "sensitive_content": null
          },
          "private": "bnVsbA==",
          "dependencies": [
            "module.my-cluster.aws_cloudwatch_log_group.this",
            "module.my-cluster.aws_eks_cluster.this",
            "module.my-cluster.aws_iam_role.cluster",
            "module.my-cluster.aws_iam_role_policy_attachment.cluster_AmazonEKSClusterPolicy",
            "module.my-cluster.aws_iam_role_policy_attachment.cluster_AmazonEKSServicePolicy",
            "module.my-cluster.aws_security_group.cluster"
          ]
        }
      ]
    },
    {
      "module": "module.my-cluster.module.node_groups",
      "mode": "managed",
      "type": "random_pet",
      "name": "node_groups",
      "each": "map",
      "provider": "provider.random",
      "instances": []
    },
    {
      "module": "module.my-cluster",
      "mode": "managed",
      "type": "random_pet",
      "name": "workers",
      "each": "list",
      "provider": "provider.random",
      "instances": [
        {
          "index_key": 0,
          "schema_version": 0,
          "attributes": {
            "id": "together-hound",
            "keepers": {
              "lc_name": "eks-dev-02020012606513782890000000d"
            },
            "length": 2,
            "prefix": null,
            "separator": "-"
          },
          "private": "bnVsbA==",
          "dependencies": [
            "module.my-cluster.aws_cloudwatch_log_group.this",
            "module.my-cluster.aws_eks_cluster.this",
            "module.my-cluster.aws_iam_instance_profile.workers",
            "module.my-cluster.aws_iam_role.cluster",
            "module.my-cluster.aws_iam_role.workers",
            "module.my-cluster.aws_iam_role_policy_attachment.cluster_AmazonEKSClusterPolicy",
            "module.my-cluster.aws_iam_role_policy_attachment.cluster_AmazonEKSServicePolicy",
            "module.my-cluster.aws_launch_configuration.workers",
            "module.my-cluster.aws_security_group.cluster",
            "module.my-cluster.aws_security_group.workers"
          ]
        }
      ]
    },
    {
      "module": "module.my-cluster",
      "mode": "managed",
      "type": "random_pet",
      "name": "workers_launch_template",
      "each": "list",
      "provider": "provider.random",
      "instances": []
    }
  ]
}
